{
  "requires": true,
  "lockfileVersion": 1,
  "dependencies": {
    "uview-ui": {
      "version": "2.0.24",
      "resolved": "https://repo.huaweicloud.com/repository/npm/uview-ui/-/uview-ui-2.0.24.tgz",
      "integrity": "sha512-9dmlwjqbkKGqWtC/utbcpBmuPgTcZlfEa3lWoWF3P/UP9yjub8dcIKSYq0AkNTXIAm4pqP/nFDYFwJtVGBfDCQ=="
    }
  }
}
